
Microsoft Visual Studio Solution File, Format Version 12.00
# Visual Studio Version 17
VisualStudioVersion = 17.6.33815.320
MinimumVisualStudioVersion = 10.0.40219.1
Project("{FAE04EC0-301F-11D3-BF4B-00C04F79EFBC}") = "HetedikHet2", "HetedikHet2\HetedikHet2.csproj", "{7F9DEB2A-EB17-4782-A6C1-80DFFC8A1A7D}"
EndProject
Global
	GlobalSection(SolutionConfigurationPlatforms) = preSolution
		Debug|Any CPU = Debug|Any CPU
		Release|Any CPU = Release|Any CPU
	EndGlobalSection
	GlobalSection(ProjectConfigurationPlatforms) = postSolution
		{7F9DEB2A-EB17-4782-A6C1-80DFFC8A1A7D}.Debug|Any CPU.ActiveCfg = Debug|Any CPU
		{7F9DEB2A-EB17-4782-A6C1-80DFFC8A1A7D}.Debug|Any CPU.Build.0 = Debug|Any CPU
		{7F9DEB2A-EB17-4782-A6C1-80DFFC8A1A7D}.Release|Any CPU.ActiveCfg = Release|Any CPU
		{7F9DEB2A-EB17-4782-A6C1-80DFFC8A1A7D}.Release|Any CPU.Build.0 = Release|Any CPU
	EndGlobalSection
	GlobalSection(SolutionProperties) = preSolution
		HideSolutionNode = FALSE
	EndGlobalSection
	GlobalSection(ExtensibilityGlobals) = postSolution
		SolutionGuid = {45AE83AE-1DE7-48D8-8E65-F92F6B83EF6A}
	EndGlobalSection
EndGlobal
